
Microsoft Visual Studio Solution File, Format Version 12.00
# Visual Studio 15
VisualStudioVersion = 15.0.27130.2010
MinimumVisualStudioVersion = 10.0.40219.1
Project("{FAE04EC0-301F-11D3-BF4B-00C04F79EFBC}") = "alfabeto", "alfabeto\alfabeto.csproj", "{A5953339-B381-446D-87F0-6696C8FD4B94}"
EndProject
Global
	GlobalSection(SolutionConfigurationPlatforms) = preSolution
		Debug|Any CPU = Debug|Any CPU
		Release|Any CPU = Release|Any CPU
	EndGlobalSection
	GlobalSection(ProjectConfigurationPlatforms) = postSolution
		{A5953339-B381-446D-87F0-6696C8FD4B94}.Debug|Any CPU.ActiveCfg = Debug|Any CPU
		{A5953339-B381-446D-87F0-6696C8FD4B94}.Debug|Any CPU.Build.0 = Debug|Any CPU
		{A5953339-B381-446D-87F0-6696C8FD4B94}.Release|Any CPU.ActiveCfg = Release|Any CPU
		{A5953339-B381-446D-87F0-6696C8FD4B94}.Release|Any CPU.Build.0 = Release|Any CPU
	EndGlobalSection
	GlobalSection(SolutionProperties) = preSolution
		HideSolutionNode = FALSE
	EndGlobalSection
	GlobalSection(ExtensibilityGlobals) = postSolution
		SolutionGuid = {A55A7715-0A71-49D8-B11E-0FC50286FACB}
	EndGlobalSection
EndGlobal
